
Microsoft Visual Studio Solution File, Format Version 12.00
# Visual Studio 15
VisualStudioVersion = 15.0.28307.421
MinimumVisualStudioVersion = 10.0.40219.1
Project("{8BC9CEB8-8B4A-11D0-8D11-00A0C91BC942}") = "15652", "15652\15652.vcxproj", "{ECF5BB57-158C-466F-93E9-D40D109DFD77}"
EndProject
Global
	GlobalSection(SolutionConfigurationPlatforms) = preSolution
		Debug|x64 = Debug|x64
		Debug|x86 = Debug|x86
		Release|x64 = Release|x64
		Release|x86 = Release|x86
	EndGlobalSection
	GlobalSection(ProjectConfigurationPlatforms) = postSolution
		{ECF5BB57-158C-466F-93E9-D40D109DFD77}.Debug|x64.ActiveCfg = Debug|x64
		{ECF5BB57-158C-466F-93E9-D40D109DFD77}.Debug|x64.Build.0 = Debug|x64
		{ECF5BB57-158C-466F-93E9-D40D109DFD77}.Debug|x86.ActiveCfg = Debug|Win32
		{ECF5BB57-158C-466F-93E9-D40D109DFD77}.Debug|x86.Build.0 = Debug|Win32
		{ECF5BB57-158C-466F-93E9-D40D109DFD77}.Release|x64.ActiveCfg = Release|x64
		{ECF5BB57-158C-466F-93E9-D40D109DFD77}.Release|x64.Build.0 = Release|x64
		{ECF5BB57-158C-466F-93E9-D40D109DFD77}.Release|x86.ActiveCfg = Release|Win32
		{ECF5BB57-158C-466F-93E9-D40D109DFD77}.Release|x86.Build.0 = Release|Win32
	EndGlobalSection
	GlobalSection(SolutionProperties) = preSolution
		HideSolutionNode = FALSE
	EndGlobalSection
	GlobalSection(ExtensibilityGlobals) = postSolution
		SolutionGuid = {7974E304-C75B-42DD-92DF-3F81689566B4}
	EndGlobalSection
EndGlobal
