
Microsoft Visual Studio Solution File, Format Version 12.00
# Visual Studio 15
VisualStudioVersion = 15.0.27130.2027
MinimumVisualStudioVersion = 10.0.40219.1
Project("{8BC9CEB8-8B4A-11D0-8D11-00A0C91BC942}") = "lcm_1934", "lcm_1934\lcm_1934.vcxproj", "{275B9787-A753-4C87-91A0-C701FAF8338D}"
EndProject
Global
	GlobalSection(SolutionConfigurationPlatforms) = preSolution
		Debug|x64 = Debug|x64
		Debug|x86 = Debug|x86
		Release|x64 = Release|x64
		Release|x86 = Release|x86
	EndGlobalSection
	GlobalSection(ProjectConfigurationPlatforms) = postSolution
		{275B9787-A753-4C87-91A0-C701FAF8338D}.Debug|x64.ActiveCfg = Debug|x64
		{275B9787-A753-4C87-91A0-C701FAF8338D}.Debug|x64.Build.0 = Debug|x64
		{275B9787-A753-4C87-91A0-C701FAF8338D}.Debug|x86.ActiveCfg = Debug|Win32
		{275B9787-A753-4C87-91A0-C701FAF8338D}.Debug|x86.Build.0 = Debug|Win32
		{275B9787-A753-4C87-91A0-C701FAF8338D}.Release|x64.ActiveCfg = Release|x64
		{275B9787-A753-4C87-91A0-C701FAF8338D}.Release|x64.Build.0 = Release|x64
		{275B9787-A753-4C87-91A0-C701FAF8338D}.Release|x86.ActiveCfg = Release|Win32
		{275B9787-A753-4C87-91A0-C701FAF8338D}.Release|x86.Build.0 = Release|Win32
	EndGlobalSection
	GlobalSection(SolutionProperties) = preSolution
		HideSolutionNode = FALSE
	EndGlobalSection
	GlobalSection(ExtensibilityGlobals) = postSolution
		SolutionGuid = {144EE28C-275F-4E95-9292-EEEBBAA15444}
	EndGlobalSection
EndGlobal
