
Microsoft Visual Studio Solution File, Format Version 12.00
# Visual Studio 15
VisualStudioVersion = 15.0.28307.421
MinimumVisualStudioVersion = 10.0.40219.1
Project("{8BC9CEB8-8B4A-11D0-8D11-00A0C91BC942}") = "4963", "4963\4963.vcxproj", "{44D61555-8DB2-4A96-900A-201F38A6F229}"
EndProject
Global
	GlobalSection(SolutionConfigurationPlatforms) = preSolution
		Debug|x64 = Debug|x64
		Debug|x86 = Debug|x86
		Release|x64 = Release|x64
		Release|x86 = Release|x86
	EndGlobalSection
	GlobalSection(ProjectConfigurationPlatforms) = postSolution
		{44D61555-8DB2-4A96-900A-201F38A6F229}.Debug|x64.ActiveCfg = Debug|x64
		{44D61555-8DB2-4A96-900A-201F38A6F229}.Debug|x64.Build.0 = Debug|x64
		{44D61555-8DB2-4A96-900A-201F38A6F229}.Debug|x86.ActiveCfg = Debug|Win32
		{44D61555-8DB2-4A96-900A-201F38A6F229}.Debug|x86.Build.0 = Debug|Win32
		{44D61555-8DB2-4A96-900A-201F38A6F229}.Release|x64.ActiveCfg = Release|x64
		{44D61555-8DB2-4A96-900A-201F38A6F229}.Release|x64.Build.0 = Release|x64
		{44D61555-8DB2-4A96-900A-201F38A6F229}.Release|x86.ActiveCfg = Release|Win32
		{44D61555-8DB2-4A96-900A-201F38A6F229}.Release|x86.Build.0 = Release|Win32
	EndGlobalSection
	GlobalSection(SolutionProperties) = preSolution
		HideSolutionNode = FALSE
	EndGlobalSection
	GlobalSection(ExtensibilityGlobals) = postSolution
		SolutionGuid = {A7D846A9-3DDC-4E53-AF3E-CED6F642D2DD}
	EndGlobalSection
EndGlobal
