
Microsoft Visual Studio Solution File, Format Version 12.00
# Visual Studio 15
VisualStudioVersion = 15.0.27130.2027
MinimumVisualStudioVersion = 10.0.40219.1
Project("{8BC9CEB8-8B4A-11D0-8D11-00A0C91BC942}") = "gcd_lcm", "gcd_lcm\gcd_lcm.vcxproj", "{53AF8058-50B2-4ED3-968B-F12CFE69BA71}"
EndProject
Global
	GlobalSection(SolutionConfigurationPlatforms) = preSolution
		Debug|x64 = Debug|x64
		Debug|x86 = Debug|x86
		Release|x64 = Release|x64
		Release|x86 = Release|x86
	EndGlobalSection
	GlobalSection(ProjectConfigurationPlatforms) = postSolution
		{53AF8058-50B2-4ED3-968B-F12CFE69BA71}.Debug|x64.ActiveCfg = Debug|x64
		{53AF8058-50B2-4ED3-968B-F12CFE69BA71}.Debug|x64.Build.0 = Debug|x64
		{53AF8058-50B2-4ED3-968B-F12CFE69BA71}.Debug|x86.ActiveCfg = Debug|Win32
		{53AF8058-50B2-4ED3-968B-F12CFE69BA71}.Debug|x86.Build.0 = Debug|Win32
		{53AF8058-50B2-4ED3-968B-F12CFE69BA71}.Release|x64.ActiveCfg = Release|x64
		{53AF8058-50B2-4ED3-968B-F12CFE69BA71}.Release|x64.Build.0 = Release|x64
		{53AF8058-50B2-4ED3-968B-F12CFE69BA71}.Release|x86.ActiveCfg = Release|Win32
		{53AF8058-50B2-4ED3-968B-F12CFE69BA71}.Release|x86.Build.0 = Release|Win32
	EndGlobalSection
	GlobalSection(SolutionProperties) = preSolution
		HideSolutionNode = FALSE
	EndGlobalSection
	GlobalSection(ExtensibilityGlobals) = postSolution
		SolutionGuid = {770366D2-898B-4413-A80B-E22F773D9172}
	EndGlobalSection
EndGlobal
